# This file is automatically @generated by Cargo.
# It is not intended for manual editing.
version = 3

[[package]]
name = "bitflags"
version = "1.3.2"
source = "registry+https://github.com/rust-lang/crates.io-index"
checksum = "bef38d45163c2f1dde094a7dfd33ccf595c92905c8f8f4fdc18d06fb1037718a"

[[package]]
name = "byteorder"
version = "1.4.3"
source = "registry+https://github.com/rust-lang/crates.io-index"
checksum = "14c189c53d098945499cdfa7ecc63567cf3886b3332b312a5b4585d8d3a6a610"

[[package]]
name = "iset"
version = "0.1.1"
source = "registry+https://github.com/rust-lang/crates.io-index"
checksum = "83e6ab4995cb7dd596e9013e90e3f7d65008dbda350778204ce76663cece4f06"

[[package]]
name = "riscv_emulator"
version = "0.1.0"
dependencies = [
 "bitflags",
 "byteorder",
 "iset",
 "risky",
 "rustc-hash",
]

[[package]]
name = "risky"
version = "0.4.0"
source = "git+https://github.com/burjui/risky?rev=d3da81e8df0cdcfcf18e689e17cff3fa2bc7c445#d3da81e8df0cdcfcf18e689e17cff3fa2bc7c445"

[[package]]
name = "rustc-hash"
version = "1.1.0"
source = "registry+https://github.com/rust-lang/crates.io-index"
checksum = "08d43f7aa6b08d49f382cde6a7982047c3426db949b1424bc4b7ec9ae12c6ce2"
